
Microsoft Visual Studio Solution File, Format Version 12.00
# Visual Studio Version 16
VisualStudioVersion = 16.0.29503.13
MinimumVisualStudioVersion = 10.0.40219.1
Project("{FAE04EC0-301F-11D3-BF4B-00C04F79EFBC}") = "Producer", "Producer\Producer.csproj", "{A7AD4967-0B9B-49C5-9E26-023A17CAB978}"
EndProject
Project("{FAE04EC0-301F-11D3-BF4B-00C04F79EFBC}") = "Consumer", "Consumer\Consumer.csproj", "{2CB98B65-1945-435B-81C9-B742C499024E}"
EndProject
Project("{2150E333-8FDC-42A3-9474-1A3956D46DE8}") = "Solution Items", "Solution Items", "{B7A3F979-EB9B-476B-A0FF-297600AA43B9}"
	ProjectSection(SolutionItems) = preProject
		docker-compose.yml = docker-compose.yml
		Tutorial inksxt.txt = Tutorial inksxt.txt
	EndProjectSection
EndProject
Global
	GlobalSection(SolutionConfigurationPlatforms) = preSolution
		Debug|Any CPU = Debug|Any CPU
		Release|Any CPU = Release|Any CPU
	EndGlobalSection
	GlobalSection(ProjectConfigurationPlatforms) = postSolution
		{A7AD4967-0B9B-49C5-9E26-023A17CAB978}.Debug|Any CPU.ActiveCfg = Debug|Any CPU
		{A7AD4967-0B9B-49C5-9E26-023A17CAB978}.Debug|Any CPU.Build.0 = Debug|Any CPU
		{A7AD4967-0B9B-49C5-9E26-023A17CAB978}.Release|Any CPU.ActiveCfg = Release|Any CPU
		{A7AD4967-0B9B-49C5-9E26-023A17CAB978}.Release|Any CPU.Build.0 = Release|Any CPU
		{2CB98B65-1945-435B-81C9-B742C499024E}.Debug|Any CPU.ActiveCfg = Debug|Any CPU
		{2CB98B65-1945-435B-81C9-B742C499024E}.Debug|Any CPU.Build.0 = Debug|Any CPU
		{2CB98B65-1945-435B-81C9-B742C499024E}.Release|Any CPU.ActiveCfg = Release|Any CPU
		{2CB98B65-1945-435B-81C9-B742C499024E}.Release|Any CPU.Build.0 = Release|Any CPU
	EndGlobalSection
	GlobalSection(SolutionProperties) = preSolution
		HideSolutionNode = FALSE
	EndGlobalSection
	GlobalSection(ExtensibilityGlobals) = postSolution
		SolutionGuid = {D7966F96-E1F6-499F-84A9-AAFD22832E83}
	EndGlobalSection
EndGlobal
